<?xml version="1.0" encoding="utf-8"?>
<Project ToolsVersion="4.0" xmlns="http://schemas.microsoft.com/developer/msbuild/2003">
  <ItemGroup>
    <Filter Include="win32">
      <UniqueIdentifier>{84a8ebd7-7cf0-47f6-b75e-d441df67da40}</UniqueIdentifier>
    </Filter>
    <Filter Include="resource">
      <UniqueIdentifier>{715254bc-d70b-4ec5-bf29-467dd3ace079}</UniqueIdentifier>
    </Filter>
    <Filter Include="src">
      <UniqueIdentifier>{bb6c862e-70e9-49d9-81b7-3829a6f50471}</UniqueIdentifier>
    </Filter>
    <Filter Include="src\Scene">
      <UniqueIdentifier>{93169d44-fc07-4b8d-a8c3-2a01972d92a5}</UniqueIdentifier>
    </Filter>
    <Filter Include="src\Scene\GameMain">
      <UniqueIdentifier>{92f2f8d4-4fb6-4e3d-8a48-666446cbab41}</UniqueIdentifier>
    </Filter>
    <Filter Include="src\Model">
      <UniqueIdentifier>{e6852a54-28ae-4be9-983a-acb238065545}</UniqueIdentifier>
    </Filter>
    <Filter Include="src\Model\Character">
      <UniqueIdentifier>{49521c57-692e-4d2a-9f83-8cc03ef57c65}</UniqueIdentifier>
    </Filter>
    <Filter Include="src\Model\Map">
      <UniqueIdentifier>{92d83112-bf1e-4ed1-b2a0-b48fa4e13f90}</UniqueIdentifier>
    </Filter>
    <Filter Include="src\Model\Character\Factory">
      <UniqueIdentifier>{e389977b-7ab5-4259-b7ef-08ceb42209f3}</UniqueIdentifier>
    </Filter>
    <Filter Include="src\Model\Character\Player">
      <UniqueIdentifier>{aa32b923-08e5-4913-a2a4-2b7cc6156a6a}</UniqueIdentifier>
    </Filter>
    <Filter Include="src\Model\Character\Factory\Player">
      <UniqueIdentifier>{2f5811dc-12b3-4986-9a7f-a539edd202f1}</UniqueIdentifier>
    </Filter>
    <Filter Include="src\Model\Character\Factory\Enemy">
      <UniqueIdentifier>{ed922a88-af02-45fb-b407-401f67575b77}</UniqueIdentifier>
    </Filter>
    <Filter Include="src\Model\Character\Bullet">
      <UniqueIdentifier>{248e8f9f-3390-498a-a1ca-3048d45739b5}</UniqueIdentifier>
    </Filter>
    <Filter Include="src\Model\Character\Enemy">
      <UniqueIdentifier>{78527b81-eb3d-4e65-91d7-31a3304157ff}</UniqueIdentifier>
    </Filter>
    <Filter Include="src\Model\Character\Gimmick">
      <UniqueIdentifier>{d1328532-ffbe-4a20-8319-c00a6e01f5d9}</UniqueIdentifier>
    </Filter>
    <Filter Include="src\Model\Character\Bullet\FireBall">
      <UniqueIdentifier>{478ac86c-e58f-4cb5-b979-86860b318323}</UniqueIdentifier>
    </Filter>
    <Filter Include="src\Model\Character\Gimmick\DamageBlock">
      <UniqueIdentifier>{3b0034d1-a0bf-4896-ac47-a7d7a7770fbc}</UniqueIdentifier>
    </Filter>
    <Filter Include="src\Model\Character\Gimmick\HatenaBlock">
      <UniqueIdentifier>{f79827c8-9112-4497-b0de-83deba981728}</UniqueIdentifier>
    </Filter>
    <Filter Include="src\Model\Character\Gimmick\RollBlock">
      <UniqueIdentifier>{6b88304d-a546-4c7f-9f2c-3e1cccb21f02}</UniqueIdentifier>
    </Filter>
    <Filter Include="src\Model\Character\Gimmick\NoteBlock">
      <UniqueIdentifier>{6c5a4771-9dba-4c43-989f-f2c7c7861638}</UniqueIdentifier>
    </Filter>
    <Filter Include="src\Model\Character\Gimmick\TikuwaBlock">
      <UniqueIdentifier>{7fba1159-b624-4393-856e-9c5dfee1e597}</UniqueIdentifier>
    </Filter>
    <Filter Include="src\Lib">
      <UniqueIdentifier>{44349e17-a29e-4697-8e17-9df572e256c0}</UniqueIdentifier>
    </Filter>
    <Filter Include="src\Data">
      <UniqueIdentifier>{ca3b82a2-6bb3-4160-ad8d-ca88f1c7a1f0}</UniqueIdentifier>
    </Filter>
    <Filter Include="src\Data\ActionController">
      <UniqueIdentifier>{67aed078-7546-499c-86fd-5ed24f582b4b}</UniqueIdentifier>
    </Filter>
    <Filter Include="src\Data\Animation">
      <UniqueIdentifier>{19e3baf0-dcc7-4f7e-9ae7-a3b7fa56df9e}</UniqueIdentifier>
    </Filter>
    <Filter Include="src\Data\Collision">
      <UniqueIdentifier>{62e73419-c35d-401a-ad67-676485db88af}</UniqueIdentifier>
    </Filter>
    <Filter Include="src\Data\LaunchData">
      <UniqueIdentifier>{21e0a494-c783-4474-a0d6-0b2cdcb7274f}</UniqueIdentifier>
    </Filter>
    <Filter Include="src\Data\LaunchTrigger">
      <UniqueIdentifier>{d5b576cb-3e41-4b2a-8a9d-504a536ef47a}</UniqueIdentifier>
    </Filter>
    <Filter Include="src\Data\Move">
      <UniqueIdentifier>{122b0b31-5628-47c0-ab95-2b62a0d8a650}</UniqueIdentifier>
    </Filter>
    <Filter Include="src\Data\Physical">
      <UniqueIdentifier>{c261fdce-9715-471e-b86d-ec4b328c3c1e}</UniqueIdentifier>
    </Filter>
    <Filter Include="src\Lib\Input">
      <UniqueIdentifier>{6e20138c-54e7-4c6a-bd43-cf271d43d915}</UniqueIdentifier>
    </Filter>
    <Filter Include="src\Lib\Sound">
      <UniqueIdentifier>{8c5f913e-2dd7-4ed3-a5e5-b14fa1bb9119}</UniqueIdentifier>
    </Filter>
    <Filter Include="src\Model\Character\Weapon">
      <UniqueIdentifier>{77c781f4-1f9b-4817-9210-7ba928f492f1}</UniqueIdentifier>
    </Filter>
    <Filter Include="src\Model\Character\Factory\Weapon">
      <UniqueIdentifier>{da68186c-dea6-442e-9a27-d558f860e5cb}</UniqueIdentifier>
    </Filter>
    <Filter Include="src\Scene\GameMain\Stage">
      <UniqueIdentifier>{a9522bef-920a-42c8-a62d-5890df320a18}</UniqueIdentifier>
    </Filter>
    <Filter Include="src\Scene\GameMain\Stage\Stage1">
      <UniqueIdentifier>{7cda6ad0-b470-442f-b5e0-8a4aaefb61fd}</UniqueIdentifier>
    </Filter>
    <Filter Include="src\Data\StateMachine">
      <UniqueIdentifier>{37da48dd-1385-441e-9cac-caa193b488ba}</UniqueIdentifier>
    </Filter>
    <Filter Include="src\Data\StateMachine\Player">
      <UniqueIdentifier>{ec786b50-aff0-4b95-8731-3ef24ccd9be0}</UniqueIdentifier>
    </Filter>
    <Filter Include="src\Data\StateMachine\Player\LineUp">
      <UniqueIdentifier>{75397689-3322-4a92-a406-e76ae6c37395}</UniqueIdentifier>
    </Filter>
    <Filter Include="src\Data\StateMachine\Player\LineDown">
      <UniqueIdentifier>{b70e4542-e014-4e01-a7d6-9f7f73bfa05c}</UniqueIdentifier>
    </Filter>
    <Filter Include="src\Data\StateMachine\Player\Idle">
      <UniqueIdentifier>{41ef8efd-02f8-486a-bb89-77ddefc2145d}</UniqueIdentifier>
    </Filter>
    <Filter Include="src\Data\StateMachine\Player\Walk">
      <UniqueIdentifier>{279433fc-a0e2-4bac-87a1-db5de8b6b362}</UniqueIdentifier>
    </Filter>
    <Filter Include="src\Data\StateMachine\Enemy">
      <UniqueIdentifier>{0aab5e3a-e357-4fdf-8d85-cdab1518d5f9}</UniqueIdentifier>
    </Filter>
    <Filter Include="src\Data\StateMachine\Enemy\Henchman">
      <UniqueIdentifier>{99dac5cd-439d-4393-9a8b-fd0016a6f7a5}</UniqueIdentifier>
    </Filter>
    <Filter Include="src\Data\StateMachine\Enemy\Henchman\TypeA">
      <UniqueIdentifier>{39bbf0b5-0e9d-4d30-82f2-00119498de03}</UniqueIdentifier>
    </Filter>
    <Filter Include="src\Data\StateMachine\Enemy\Henchman\TypeA\Idle">
      <UniqueIdentifier>{83923bcb-c7d7-4ab7-956d-3c1844be6282}</UniqueIdentifier>
    </Filter>
    <Filter Include="src\Model\Character\Enemy\Henchman">
      <UniqueIdentifier>{816ed142-e6ee-4826-ad4f-fac836179a78}</UniqueIdentifier>
    </Filter>
    <Filter Include="src\Model\Character\Enemy\Henchman\TypeA">
      <UniqueIdentifier>{7573ea2d-226c-4f96-954a-e7f2d8198ca8}</UniqueIdentifier>
    </Filter>
    <Filter Include="src\Model\Character\Factory\Enemy\Henchman">
      <UniqueIdentifier>{4f3805fb-26f3-4782-bf8f-8b1f0611cc9f}</UniqueIdentifier>
    </Filter>
    <Filter Include="src\Model\Character\Factory\Enemy\Henchman\TypeA">
      <UniqueIdentifier>{13db0a24-74f8-4339-944f-9393d3a8d8d9}</UniqueIdentifier>
    </Filter>
    <Filter Include="src\Data\StateMachine\Enemy\Boss">
      <UniqueIdentifier>{f1937b18-ebc3-477e-9c20-39fd824c13f4}</UniqueIdentifier>
    </Filter>
    <Filter Include="src\Lib\Factory">
      <UniqueIdentifier>{e4b40b44-34c6-4ea2-a708-4e4a48372966}</UniqueIdentifier>
    </Filter>
    <Filter Include="src\Model\Character\Damage">
      <UniqueIdentifier>{a399285f-154f-4f9b-85b3-d7332bb6290d}</UniqueIdentifier>
    </Filter>
    <Filter Include="src\Scene\Title">
      <UniqueIdentifier>{a078a4cb-0009-4b79-bfb1-185cb2830ca7}</UniqueIdentifier>
    </Filter>
    <Filter Include="src\Scene\Result">
      <UniqueIdentifier>{569c9b68-cc4b-4354-9847-a20be9ece257}</UniqueIdentifier>
    </Filter>
    <Filter Include="src\Data\StateMachine\Enemy\LinUp">
      <UniqueIdentifier>{33f719a8-5658-4a33-8245-3056bc4537d0}</UniqueIdentifier>
    </Filter>
    <Filter Include="src\Data\StateMachine\Enemy\LineDown">
      <UniqueIdentifier>{b25d5eb3-6e2f-4aee-8b75-7a3571290137}</UniqueIdentifier>
    </Filter>
  </ItemGroup>
  <ItemGroup>
    <ClCompile Include="main.cpp">
      <Filter>win32</Filter>
    </ClCompile>
    <ClCompile Include="..\Classes\AppDelegate.cpp">
      <Filter>src</Filter>
    </ClCompile>
    <ClCompile Include="..\Classes\HelloWorldScene.cpp">
      <Filter>src</Filter>
    </ClCompile>
    <ClCompile Include="..\Classes\Scene\GameMain\GameMain.cpp">
      <Filter>src\Scene\GameMain</Filter>
    </ClCompile>
    <ClCompile Include="..\Classes\Model\Character\Factory\PlayerFactory.cpp">
      <Filter>src\Model\Character\Factory\Player</Filter>
    </ClCompile>
    <ClCompile Include="..\Classes\Model\Character\Factory\EnemyFactory.cpp">
      <Filter>src\Model\Character\Factory\Enemy</Filter>
    </ClCompile>
    <ClCompile Include="..\Classes\Model\Character\BulletCharacter.cpp">
      <Filter>src\Model\Character\Bullet</Filter>
    </ClCompile>
    <ClCompile Include="..\Classes\Model\Character\EnemyCharacter.cpp">
      <Filter>src\Model\Character\Enemy</Filter>
    </ClCompile>
    <ClCompile Include="..\Classes\Model\Character\FireBallBulletCharacter.cpp">
      <Filter>src\Model\Character\Bullet\FireBall</Filter>
    </ClCompile>
    <ClCompile Include="..\Classes\Model\Character\GimmickCharacter.cpp">
      <Filter>src\Model\Character\Gimmick</Filter>
    </ClCompile>
    <ClCompile Include="..\Classes\Model\Character\DamageBlockGimmickCharacter.cpp">
      <Filter>src\Model\Character\Gimmick\DamageBlock</Filter>
    </ClCompile>
    <ClCompile Include="..\Classes\Model\Character\HatenaBlockGimmickCharacter.cpp">
      <Filter>src\Model\Character\Gimmick\HatenaBlock</Filter>
    </ClCompile>
    <ClCompile Include="..\Classes\Model\Character\RollBlockGimmickCharacter.cpp">
      <Filter>src\Model\Character\Gimmick\RollBlock</Filter>
    </ClCompile>
    <ClCompile Include="..\Classes\Model\Character\NoteBlockGimmickCharacter.cpp">
      <Filter>src\Model\Character\Gimmick\NoteBlock</Filter>
    </ClCompile>
    <ClCompile Include="..\Classes\Model\Character\PlayerCharacter.cpp">
      <Filter>src\Model\Character\Player</Filter>
    </ClCompile>
    <ClCompile Include="..\Classes\Model\Character\Character.cpp">
      <Filter>src\Model\Character</Filter>
    </ClCompile>
    <ClCompile Include="..\Classes\Model\Character\TikuwaBlockGimmickCharacter.cpp">
      <Filter>src\Model\Character\Gimmick\TikuwaBlock</Filter>
    </ClCompile>
    <ClCompile Include="..\Classes\Data\ActionController\ActionController.cpp">
      <Filter>src\Data\ActionController</Filter>
    </ClCompile>
    <ClCompile Include="..\Classes\Data\Animation\Animation.cpp">
      <Filter>src\Data\Animation</Filter>
    </ClCompile>
    <ClCompile Include="..\Classes\Data\Collision\Collision.cpp">
      <Filter>src\Data\Collision</Filter>
    </ClCompile>
    <ClCompile Include="..\Classes\Data\Collision\CollisionArea.cpp">
      <Filter>src\Data\Collision</Filter>
    </ClCompile>
    <ClCompile Include="..\Classes\Data\LaunchData\LaunchData.cpp">
      <Filter>src\Data\LaunchData</Filter>
    </ClCompile>
    <ClCompile Include="..\Classes\Data\LaunchTrigger\LaunchTrigger.cpp">
      <Filter>src\Data\LaunchTrigger</Filter>
    </ClCompile>
    <ClCompile Include="..\Classes\Data\Move\Move.cpp">
      <Filter>src\Data\Move</Filter>
    </ClCompile>
    <ClCompile Include="..\Classes\Data\Physical\Physical.cpp">
      <Filter>src\Data\Physical</Filter>
    </ClCompile>
    <ClCompile Include="..\Classes\Lib\Input\InputManager.cpp">
      <Filter>src\Lib\Input</Filter>
    </ClCompile>
    <ClCompile Include="..\Classes\Model\Map\Map.cpp">
      <Filter>src\Model\Map</Filter>
    </ClCompile>
    <ClCompile Include="..\Classes\Lib\Sound\SoundManager.cpp">
      <Filter>src\Lib\Sound</Filter>
    </ClCompile>
    <ClCompile Include="..\Classes\Scene\GameMain\Stage\Stage.cpp">
      <Filter>src\Scene\GameMain\Stage</Filter>
    </ClCompile>
    <ClCompile Include="..\Classes\Scene\GameMain\Stage\Stage1.cpp">
      <Filter>src\Scene\GameMain\Stage\Stage1</Filter>
    </ClCompile>
    <ClCompile Include="..\Classes\Data\StateMachine\StateMachine.cpp">
      <Filter>src\Data\StateMachine</Filter>
    </ClCompile>
    <ClCompile Include="..\Classes\Model\Character\Factory\CharacterFactory.cpp">
      <Filter>src\Model\Character\Factory</Filter>
    </ClCompile>
    <ClCompile Include="..\Classes\Data\StateMachine\Player\PlayerState.cpp">
      <Filter>src\Data\StateMachine\Player</Filter>
    </ClCompile>
    <ClCompile Include="..\Classes\Data\StateMachine\Player\PlayerStateLineUp.cpp">
      <Filter>src\Data\StateMachine\Player\LineUp</Filter>
    </ClCompile>
    <ClCompile Include="..\Classes\Data\StateMachine\Player\PlayerStateLineDown.cpp">
      <Filter>src\Data\StateMachine\Player\LineDown</Filter>
    </ClCompile>
    <ClCompile Include="..\Classes\Data\StateMachine\Player\PlayerStateIdle.cpp">
      <Filter>src\Data\StateMachine\Player\Idle</Filter>
    </ClCompile>
    <ClCompile Include="..\Classes\Data\StateMachine\Player\PlayerStateWalk.cpp">
      <Filter>src\Data\StateMachine\Player\Walk</Filter>
    </ClCompile>
    <ClCompile Include="..\Classes\Data\StateMachine\Enemy\EnemyState.cpp">
      <Filter>src\Data\StateMachine\Enemy</Filter>
    </ClCompile>
    <ClCompile Include="..\Classes\Data\StateMachine\Enemy\HenchmanTypeAStateIdle.cpp">
      <Filter>src\Data\StateMachine\Enemy\Henchman\TypeA\Idle</Filter>
    </ClCompile>
    <ClCompile Include="..\Classes\Data\StateMachine\Enemy\HenchmanTypeAState.cpp">
      <Filter>src\Data\StateMachine\Enemy\Henchman\TypeA</Filter>
    </ClCompile>
    <ClCompile Include="..\Classes\Model\Character\HenchmanTypeAEnemy.cpp">
      <Filter>src\Model\Character\Enemy\Henchman\TypeA</Filter>
    </ClCompile>
    <ClCompile Include="..\Classes\Model\Character\Factory\HenchmanTypeAFactory.cpp">
      <Filter>src\Model\Character\Factory\Enemy\Henchman\TypeA</Filter>
    </ClCompile>
    <ClCompile Include="..\Classes\Model\Character\Factory\EnemyFactoryManager.cpp">
      <Filter>src\Model\Character\Factory\Enemy</Filter>
    </ClCompile>
    <ClCompile Include="..\Classes\Data\StateMachine\Enemy\LeatherFaceState.cpp">
      <Filter>src\Data\StateMachine\Enemy\Boss</Filter>
    </ClCompile>
    <ClCompile Include="..\Classes\Lib\Factory\Factory.cpp">
      <Filter>src\Lib\Factory</Filter>
    </ClCompile>
    <ClCompile Include="..\Classes\Model\Character\DamageCharacter.cpp">
      <Filter>src\Model\Character\Damage</Filter>
    </ClCompile>
    <ClCompile Include="..\Classes\Data\StateMachine\Enemy\EnemyStateLineUp.cpp">
      <Filter>src\Data\StateMachine\Enemy\LinUp</Filter>
    </ClCompile>
    <ClCompile Include="..\Classes\Data\StateMachine\Enemy\EnemyStateLineDown.cpp">
      <Filter>src\Data\StateMachine\Enemy\LineDown</Filter>
    </ClCompile>
  </ItemGroup>
  <ItemGroup>
    <ClInclude Include="main.h">
      <Filter>win32</Filter>
    </ClInclude>
    <ClInclude Include="..\Classes\AppDelegate.h">
      <Filter>src</Filter>
    </ClInclude>
    <ClInclude Include="..\Classes\HelloWorldScene.h">
      <Filter>src</Filter>
    </ClInclude>
    <ClInclude Include="..\Classes\Constants.h">
      <Filter>src</Filter>
    </ClInclude>
    <ClInclude Include="..\Classes\Scene\GameMain\GameMain.h">
      <Filter>src\Scene\GameMain</Filter>
    </ClInclude>
    <ClInclude Include="..\Classes\Model\Character\Factory\PlayerFactory.h">
      <Filter>src\Model\Character\Factory\Player</Filter>
    </ClInclude>
    <ClInclude Include="..\Classes\Model\Character\Factory\EnemyFactory.h">
      <Filter>src\Model\Character\Factory\Enemy</Filter>
    </ClInclude>
    <ClInclude Include="..\Classes\Model\Character\BulletCharacter.h">
      <Filter>src\Model\Character\Bullet</Filter>
    </ClInclude>
    <ClInclude Include="..\Classes\Model\Character\EnemyCharacter.h">
      <Filter>src\Model\Character\Enemy</Filter>
    </ClInclude>
    <ClInclude Include="..\Classes\Model\Character\FireBallBulletCharacter.h">
      <Filter>src\Model\Character\Bullet\FireBall</Filter>
    </ClInclude>
    <ClInclude Include="..\Classes\Model\Character\GimmickCharacter.h">
      <Filter>src\Model\Character\Gimmick</Filter>
    </ClInclude>
    <ClInclude Include="..\Classes\Model\Character\DamageBlockGimmickCharacter.h">
      <Filter>src\Model\Character\Gimmick\DamageBlock</Filter>
    </ClInclude>
    <ClInclude Include="..\Classes\Model\Character\HatenaBlockGimmickCharacter.h">
      <Filter>src\Model\Character\Gimmick\HatenaBlock</Filter>
    </ClInclude>
    <ClInclude Include="..\Classes\Model\Character\RollBlockGimmickCharacter.h">
      <Filter>src\Model\Character\Gimmick\RollBlock</Filter>
    </ClInclude>
    <ClInclude Include="..\Classes\Model\Character\NoteBlockGimmickCharacter.h">
      <Filter>src\Model\Character\Gimmick\NoteBlock</Filter>
    </ClInclude>
    <ClInclude Include="..\Classes\Model\Character\PlayerCharacter.h">
      <Filter>src\Model\Character\Player</Filter>
    </ClInclude>
    <ClInclude Include="..\Classes\Model\Character\Character.h">
      <Filter>src\Model\Character</Filter>
    </ClInclude>
    <ClInclude Include="..\Classes\Model\Character\TikuwaBlockGimmickCharacter.h">
      <Filter>src\Model\Character\Gimmick\TikuwaBlock</Filter>
    </ClInclude>
    <ClInclude Include="..\Classes\Data\ActionController\ActionController.h">
      <Filter>src\Data\ActionController</Filter>
    </ClInclude>
    <ClInclude Include="..\Classes\Data\Animation\Animation.h">
      <Filter>src\Data\Animation</Filter>
    </ClInclude>
    <ClInclude Include="..\Classes\Data\Collision\Collision.h">
      <Filter>src\Data\Collision</Filter>
    </ClInclude>
    <ClInclude Include="..\Classes\Data\Collision\CollisionArea.h">
      <Filter>src\Data\Collision</Filter>
    </ClInclude>
    <ClInclude Include="..\Classes\Data\LaunchData\LaunchData.h">
      <Filter>src\Data\LaunchData</Filter>
    </ClInclude>
    <ClInclude Include="..\Classes\Data\LaunchTrigger\LaunchTrigger.h">
      <Filter>src\Data\LaunchTrigger</Filter>
    </ClInclude>
    <ClInclude Include="..\Classes\Data\Move\Move.h">
      <Filter>src\Data\Move</Filter>
    </ClInclude>
    <ClInclude Include="..\Classes\Data\Physical\Physical.h">
      <Filter>src\Data\Physical</Filter>
    </ClInclude>
    <ClInclude Include="..\Classes\Lib\Input\InputManager.h">
      <Filter>src\Lib\Input</Filter>
    </ClInclude>
    <ClInclude Include="..\Classes\Model\Map\Map.h">
      <Filter>src\Model\Map</Filter>
    </ClInclude>
    <ClInclude Include="..\Classes\Lib\Sound\SoundManager.h">
      <Filter>src\Lib\Sound</Filter>
    </ClInclude>
    <ClInclude Include="..\Classes\Scene\GameMain\Stage\Stage.h">
      <Filter>src\Scene\GameMain\Stage</Filter>
    </ClInclude>
    <ClInclude Include="..\Classes\Scene\GameMain\Stage\Stage1.h">
      <Filter>src\Scene\GameMain\Stage\Stage1</Filter>
    </ClInclude>
    <ClInclude Include="..\Classes\Data\StateMachine\StateMachine.h">
      <Filter>src\Data\StateMachine</Filter>
    </ClInclude>
    <ClInclude Include="..\Classes\Model\Character\Factory\CharacterFactory.h">
      <Filter>src\Model\Character\Factory</Filter>
    </ClInclude>
    <ClInclude Include="..\Classes\Data\StateMachine\Player\PlayerState.h">
      <Filter>src\Data\StateMachine\Player</Filter>
    </ClInclude>
    <ClInclude Include="..\Classes\Data\StateMachine\Player\PlayerStateLineUp.h">
      <Filter>src\Data\StateMachine\Player\LineUp</Filter>
    </ClInclude>
    <ClInclude Include="..\Classes\Data\StateMachine\Player\PlayerStateLineDown.h">
      <Filter>src\Data\StateMachine\Player\LineDown</Filter>
    </ClInclude>
    <ClInclude Include="..\Classes\Data\StateMachine\Player\PlayerStateIdle.h">
      <Filter>src\Data\StateMachine\Player\Idle</Filter>
    </ClInclude>
    <ClInclude Include="..\Classes\Data\StateMachine\Player\PlayerStateWalk.h">
      <Filter>src\Data\StateMachine\Player\Walk</Filter>
    </ClInclude>
    <ClInclude Include="..\Classes\Data\StateMachine\Enemy\EnemyState.h">
      <Filter>src\Data\StateMachine\Enemy</Filter>
    </ClInclude>
    <ClInclude Include="..\Classes\Data\StateMachine\Enemy\HenchmanTypeAStateIdle.h">
      <Filter>src\Data\StateMachine\Enemy\Henchman\TypeA\Idle</Filter>
    </ClInclude>
    <ClInclude Include="..\Classes\Data\StateMachine\Enemy\HenchmanTypeAState.h">
      <Filter>src\Data\StateMachine\Enemy\Henchman\TypeA</Filter>
    </ClInclude>
    <ClInclude Include="..\Classes\Model\Character\HenchmanTypeAEnemy.h">
      <Filter>src\Model\Character\Enemy\Henchman\TypeA</Filter>
    </ClInclude>
    <ClInclude Include="..\Classes\Model\Character\Factory\HenchmanTypeAFactory.h">
      <Filter>src\Model\Character\Factory\Enemy\Henchman\TypeA</Filter>
    </ClInclude>
    <ClInclude Include="..\Classes\Model\Character\Factory\EnemyFactoryManager.h">
      <Filter>src\Model\Character\Factory\Enemy</Filter>
    </ClInclude>
    <ClInclude Include="..\Classes\Data\StateMachine\Enemy\LeatherFaceState.h">
      <Filter>src\Data\StateMachine\Enemy\Boss</Filter>
    </ClInclude>
    <ClInclude Include="..\Classes\Lib\Factory\Factory.h">
      <Filter>src\Lib\Factory</Filter>
    </ClInclude>
    <ClInclude Include="..\Classes\Model\Character\DamageCharacter.h">
      <Filter>src\Model\Character\Damage</Filter>
    </ClInclude>
    <ClInclude Include="..\Classes\Data\StateMachine\Enemy\EnemyStateLineUp.h">
      <Filter>src\Data\StateMachine\Enemy\LinUp</Filter>
    </ClInclude>
    <ClInclude Include="..\Classes\Data\StateMachine\Enemy\EnemyStateLineDown.h">
      <Filter>src\Data\StateMachine\Enemy\LineDown</Filter>
    </ClInclude>
  </ItemGroup>
  <ItemGroup>
    <ResourceCompile Include="game.rc">
      <Filter>resource</Filter>
    </ResourceCompile>
  </ItemGroup>
</Project>